{
  "name": "defer-client",
  "version": "1.0.0",
  "lockfileVersion": 1,
  "requires": true,
  "dependencies": {
    "@types/async": {
      "version": "2.0.49",
      "resolved": "https://registry.npmjs.org/@types/async/-/async-2.0.49.tgz",
      "integrity": "sha512-Benr3i5odUkvpFkOpzGqrltGdbSs+EVCkEBGXbuR7uT0VzhXKIkhem6PDzHdx5EonA+rfbB3QvP6aDOw5+zp5Q==",
      "optional": true
    },
    "@types/graphql": {
      "version": "0.12.6",
      "resolved": "http://registry.npmjs.org/@types/graphql/-/graphql-0.12.6.tgz",
      "integrity": "sha512-wXAVyLfkG1UMkKOdMijVWFky39+OD/41KftzqfX1Oejd0Gm6dOIKjCihSVECg6X7PHjftxXmfOKA/d1H79ZfvQ=="
    },
    "@types/zen-observable": {
      "version": "0.8.0",
      "resolved": "https://registry.npmjs.org/@types/zen-observable/-/zen-observable-0.8.0.tgz",
      "integrity": "sha512-te5lMAWii1uEJ4FwLjzdlbw3+n0FZNOvFXHxQDKeT0dilh7HOzdMzV2TrJVUzq8ep7J4Na8OUYPRLSQkJHAlrg=="
    },
    "apollo-boost": {
      "version": "0.1.16",
      "resolved": "https://registry.npmjs.org/apollo-boost/-/apollo-boost-0.1.16.tgz",
      "integrity": "sha512-ppnQr90n2cn0ZMveEbqxW6NxmskIpThiLziLlRpRLy4keoAICg1NZecxJQmeaBLMtyhf5UholAjpS2SLmEJeHg==",
      "requires": {
        "apollo-cache": "1.1.17",
        "apollo-cache-inmemory": "1.2.10",
        "apollo-client": "2.4.2",
        "apollo-link": "1.2.2",
        "apollo-link-error": "1.1.0",
        "apollo-link-http": "1.5.4",
        "apollo-link-state": "0.4.1",
        "graphql-tag": "2.9.2"
      }
    },
    "apollo-cache": {
      "version": "1.1.17",
      "resolved": "https://registry.npmjs.org/apollo-cache/-/apollo-cache-1.1.17.tgz",
      "integrity": "sha512-7sp24n2HZO4vXgTaKNomLyIfGxG4gDdDkBB0jkRzRi7HhnKmfwhiF/RCiKNbgLdrPX151INdls0KwIVliD0dHQ==",
      "requires": {
        "apollo-utilities": "1.0.21"
      }
    },
    "apollo-cache-inmemory": {
      "version": "1.2.10",
      "resolved": "https://registry.npmjs.org/apollo-cache-inmemory/-/apollo-cache-inmemory-1.2.10.tgz",
      "integrity": "sha512-eBusPFVtYIuo+PIfJdAwUCQ4cs7AJ4mB7sTdXxNQCXToYw8mzE6EfHnV37kdVfBXSaa82BzE2rb/YUq/duuamw==",
      "requires": {
        "apollo-cache": "1.1.17",
        "apollo-utilities": "1.0.21",
        "graphql-anywhere": "4.1.19"
      }
    },
    "apollo-client": {
      "version": "2.4.2",
      "resolved": "https://registry.npmjs.org/apollo-client/-/apollo-client-2.4.2.tgz",
      "integrity": "sha512-g1z23umaVSoKLj9xNl0aAnk2KBF4JeBi7MeKFc9CGTixH7TkqeQUQtxcjrC7j2h4KmDbuhOAHOFUGf8YshN+ag==",
      "requires": {
        "@types/async": "2.0.49",
        "@types/zen-observable": "0.8.0",
        "apollo-cache": "1.1.17",
        "apollo-link": "1.2.2",
        "apollo-link-dedup": "1.0.9",
        "apollo-utilities": "1.0.21",
        "symbol-observable": "1.2.0",
        "zen-observable": "0.8.9"
      }
    },
    "apollo-link": {
      "version": "1.2.2",
      "resolved": "https://registry.npmjs.org/apollo-link/-/apollo-link-1.2.2.tgz",
      "integrity": "sha512-Uk/BC09dm61DZRDSu52nGq0nFhq7mcBPTjy5EEH1eunJndtCaNXQhQz/BjkI2NdrfGI+B+i5he6YSoRBhYizdw==",
      "requires": {
        "@types/graphql": "0.12.6",
        "apollo-utilities": "1.0.21",
        "zen-observable-ts": "0.8.9"
      }
    },
    "apollo-link-dedup": {
      "version": "1.0.9",
      "resolved": "https://registry.npmjs.org/apollo-link-dedup/-/apollo-link-dedup-1.0.9.tgz",
      "integrity": "sha512-RbuEKpmSHVMtoREMPh2wUFTeh65q+0XPVeqgaOP/rGEAfvLyOMvX0vT2nVaejMohoMxuUnfZwpldXaDFWnlVbg==",
      "requires": {
        "apollo-link": "1.2.2"
      }
    },
    "apollo-link-error": {
      "version": "1.1.0",
      "resolved": "https://registry.npmjs.org/apollo-link-error/-/apollo-link-error-1.1.0.tgz",
      "integrity": "sha512-4Vu/IUn6Kn6+Fthym4iuqypCKcLdwTg3MaCvtLdaLbt9X2hNCq3y8mv6vuWIlAY51X8wKhCgYghQSOs5R/embQ==",
      "requires": {
        "apollo-link": "1.2.2"
      }
    },
    "apollo-link-http": {
      "version": "1.5.4",
      "resolved": "https://registry.npmjs.org/apollo-link-http/-/apollo-link-http-1.5.4.tgz",
      "integrity": "sha512-e9Ng3HfnW00Mh3TI6DhNRfozmzQOtKgdi+qUAsHBOEcTP0PTAmb+9XpeyEEOueLyO0GXhB92HUCIhzrWMXgwyg==",
      "requires": {
        "apollo-link": "1.2.2",
        "apollo-link-http-common": "0.2.4"
      }
    },
    "apollo-link-http-common": {
      "version": "0.2.4",
      "resolved": "https://registry.npmjs.org/apollo-link-http-common/-/apollo-link-http-common-0.2.4.tgz",
      "integrity": "sha512-4j6o6WoXuSPen9xh4NBaX8/vL98X1xY2cYzUEK1F8SzvHe2oFONfxJBTekwU8hnvapcuq8Qh9Uct+gelu8T10g==",
      "requires": {
        "apollo-link": "1.2.2"
      }
    },
    "apollo-link-state": {
      "version": "0.4.1",
      "resolved": "https://registry.npmjs.org/apollo-link-state/-/apollo-link-state-0.4.1.tgz",
      "integrity": "sha512-69/til4ENfl/Fvf7br2xSsLSBcxcXPbOHVNkzLLejvUZickl93HLO4/fO+uvoBi4dCYRgN17Zr8FwI41ueRx0g==",
      "requires": {
        "apollo-utilities": "1.0.21",
        "graphql-anywhere": "4.1.19"
      }
    },
    "apollo-utilities": {
      "version": "1.0.21",
      "resolved": "https://registry.npmjs.org/apollo-utilities/-/apollo-utilities-1.0.21.tgz",
      "integrity": "sha512-ZcxELlEl+sDCYBgEMdNXJAsZtRVm8wk4HIA58bMsqYfd1DSAJQEtZ93F0GZgYNAGy3QyaoBeZtbb0/01++G8JQ==",
      "requires": {
        "fast-json-stable-stringify": "2.0.0",
        "fclone": "1.0.11"
      }
    },
    "fast-json-stable-stringify": {
      "version": "2.0.0",
      "resolved": "https://registry.npmjs.org/fast-json-stable-stringify/-/fast-json-stable-stringify-2.0.0.tgz",
      "integrity": "sha1-1RQsDK7msRifh9OnYREGT4bIu/I="
    },
    "fclone": {
      "version": "1.0.11",
      "resolved": "https://registry.npmjs.org/fclone/-/fclone-1.0.11.tgz",
      "integrity": "sha1-EOhdo4v+p/xZk0HClu4ddyZu5kA="
    },
    "graphql": {
      "version": "14.0.2",
      "resolved": "https://registry.npmjs.org/graphql/-/graphql-14.0.2.tgz",
      "integrity": "sha512-gUC4YYsaiSJT1h40krG3J+USGlwhzNTXSb4IOZljn9ag5Tj+RkoXrWp+Kh7WyE3t1NCfab5kzCuxBIvOMERMXw==",
      "requires": {
        "iterall": "1.2.2"
      }
    },
    "graphql-anywhere": {
      "version": "4.1.19",
      "resolved": "https://registry.npmjs.org/graphql-anywhere/-/graphql-anywhere-4.1.19.tgz",
      "integrity": "sha512-mQlvbECzYPBcgBC9JsdM4v+DSvNmcIP+8Vwr+ij3gktbaLSE0Iza30mztuz40Jlf7ooMs+0emBZucNjLzqz7tA==",
      "requires": {
        "apollo-utilities": "1.0.21"
      }
    },
    "graphql-tag": {
      "version": "2.9.2",
      "resolved": "https://registry.npmjs.org/graphql-tag/-/graphql-tag-2.9.2.tgz",
      "integrity": "sha512-qnNmof9pAqj/LUzs3lStP0Gw1qhdVCUS7Ab7+SUB6KD5aX1uqxWQRwMnOGTkhKuLvLNIs1TvNz+iS9kUGl1MhA=="
    },
    "iterall": {
      "version": "1.2.2",
      "resolved": "https://registry.npmjs.org/iterall/-/iterall-1.2.2.tgz",
      "integrity": "sha512-yynBb1g+RFUPY64fTrFv7nsjRrENBQJaX2UL+2Szc9REFrSNm1rpSXHGzhmAy7a9uv3vlvgBlXnf9RqmPH1/DA=="
    },
    "symbol-observable": {
      "version": "1.2.0",
      "resolved": "https://registry.npmjs.org/symbol-observable/-/symbol-observable-1.2.0.tgz",
      "integrity": "sha512-e900nM8RRtGhlV36KGEU9k65K3mPb1WV70OdjfxlG2EAuM1noi/E/BaW/uMhL7bPEssK8QV57vN3esixjUvcXQ=="
    },
    "zen-observable": {
      "version": "0.8.9",
      "resolved": "https://registry.npmjs.org/zen-observable/-/zen-observable-0.8.9.tgz",
      "integrity": "sha512-Y9kPzjGvIZ5jchSlqlCpBW3I82zBBL4z+ulXDRVA1NwsKzjt5kwAi+gOYIy0htNkfuehGZZtP5mRXHRV6TjDWw=="
    },
    "zen-observable-ts": {
      "version": "0.8.9",
      "resolved": "https://registry.npmjs.org/zen-observable-ts/-/zen-observable-ts-0.8.9.tgz",
      "integrity": "sha512-KJz2O8FxbAdAU5CSc8qZ1K2WYEJb1HxS6XDRF+hOJ1rOYcg6eTMmS9xYHCXzqZZzKw6BbXWyF4UpwSsBQnHJeA==",
      "requires": {
        "zen-observable": "0.8.9"
      }
    }
  }
}
